<?xml version="1.0" encoding="utf-8"?>
<Project ToolsVersion="4.0" xmlns="http://schemas.microsoft.com/developer/msbuild/2003">
  <ItemGroup>
    <ClInclude Include="StatusMessage.h" />
    <ClInclude Include="RpcCallMessage.h" />
    <ClInclude Include="RpcReturnMessage.h" />
    <ClInclude Include="include\xmlrpc\registry.h">
      <Filter>xmlrpc</Filter>
    </ClInclude>
    <ClInclude Include="include\xmlrpc\message.h">
      <Filter>xmlrpc</Filter>
    </ClInclude>
    <ClInclude Include="include\xmlrpc\method.h">
      <Filter>xmlrpc</Filter>
    </ClInclude>
    <ClInclude Include="include\xmlrpc\param_list.h">
      <Filter>xmlrpc</Filter>
    </ClInclude>
    <ClInclude Include="include\xmlrpc\value.h">
      <Filter>xmlrpc</Filter>
    </ClInclude>
    <ClInclude Include="include\xmlrpc\smart_ptr.h">
      <Filter>xmlrpc</Filter>
    </ClInclude>
    <ClInclude Include="include\xmlrpc\registration_helpers.h">
      <Filter>xmlrpc</Filter>
    </ClInclude>
  </ItemGroup>
  <ItemGroup>
    <ClCompile Include="RpcCallMessage.cpp" />
    <ClCompile Include="RpcReturnMessage.cpp" />
    <ClCompile Include="StatusMessage.cpp" />
    <ClCompile Include="message.cpp" />
    <ClCompile Include="registry.cpp" />
    <ClCompile Include="method.cpp" />
    <ClCompile Include="value.cpp" />
  </ItemGroup>
  <ItemGroup>
    <Filter Include="xmlrpc">
      <UniqueIdentifier>{d7560e43-6bdb-4b3c-8ed7-13f1804bf671}</UniqueIdentifier>
    </Filter>
  </ItemGroup>
</Project>