<?xml version="1.0" encoding="utf-8"?>
<Project ToolsVersion="4.0" xmlns="http://schemas.microsoft.com/developer/msbuild/2003">
  <ItemGroup>
    <ClInclude Include="include\xmlrpc\registry.h">
      <Filter>xmlrpc</Filter>
    </ClInclude>
    <ClInclude Include="include\xmlrpc\message.h">
      <Filter>xmlrpc</Filter>
    </ClInclude>
    <ClInclude Include="include\xmlrpc\method.h">
      <Filter>xmlrpc</Filter>
    </ClInclude>
    <ClInclude Include="include\xmlrpc\param_list.h">
      <Filter>xmlrpc</Filter>
    </ClInclude>
    <ClInclude Include="include\xmlrpc\value.h">
      <Filter>xmlrpc</Filter>
    </ClInclude>
    <ClInclude Include="include\xmlrpc\registration_helpers.h">
      <Filter>xmlrpc</Filter>
    </ClInclude>
    <ClInclude Include="include\xmlrpc\registry.hpp">
      <Filter>xmlrpc</Filter>
    </ClInclude>
    <ClInclude Include="include\xmlrpc\serializer.h">
      <Filter>xmlrpc</Filter>
    </ClInclude>
    <ClInclude Include="include\xmlrpc\serializer.hpp">
      <Filter>xmlrpc</Filter>
    </ClInclude>
    <ClInclude Include="include\rpc-messages\return_value.h">
      <Filter>rpc-messages</Filter>
    </ClInclude>
    <ClInclude Include="include\rpc-messages\status.h">
      <Filter>rpc-messages</Filter>
    </ClInclude>
    <ClInclude Include="include\rpc-messages\remote_call.h">
      <Filter>rpc-messages</Filter>
    </ClInclude>
  </ItemGroup>
  <ItemGroup>
    <ClCompile Include="message.cpp" />
    <ClCompile Include="registry.cpp" />
    <ClCompile Include="method.cpp" />
    <ClCompile Include="value.cpp" />
    <ClCompile Include="remote_call.cpp">
      <Filter>messages</Filter>
    </ClCompile>
    <ClCompile Include="return_value.cpp">
      <Filter>messages</Filter>
    </ClCompile>
    <ClCompile Include="status.cpp">
      <Filter>messages</Filter>
    </ClCompile>
  </ItemGroup>
  <ItemGroup>
    <Filter Include="xmlrpc">
      <UniqueIdentifier>{d7560e43-6bdb-4b3c-8ed7-13f1804bf671}</UniqueIdentifier>
    </Filter>
    <Filter Include="messages">
      <UniqueIdentifier>{3b6a89e4-6fcb-4d00-b2df-24dcfb24f520}</UniqueIdentifier>
    </Filter>
    <Filter Include="rpc-messages">
      <UniqueIdentifier>{211c1a2c-2477-45f3-8cb7-e759c68c3db0}</UniqueIdentifier>
    </Filter>
  </ItemGroup>
</Project>