<?xml version="1.0" encoding="utf-8"?>
<Project ToolsVersion="4.0" xmlns="http://schemas.microsoft.com/developer/msbuild/2003">
  <ItemGroup>
    <Filter Include="xmlrpc">
      <UniqueIdentifier>{9355ae77-5614-41c8-9037-8b14eb9213c2}</UniqueIdentifier>
    </Filter>
  </ItemGroup>
  <ItemGroup>
    <ClInclude Include="include\xmlrpc\registry.h">
      <Filter>xmlrpc</Filter>
    </ClInclude>
  </ItemGroup>
</Project>