<?xml version="1.0" encoding="utf-8"?>
<Project ToolsVersion="4.0" xmlns="http://schemas.microsoft.com/developer/msbuild/2003">
  <ItemGroup>
    <ClCompile Include="main.cpp" />
    <ClCompile Include="Daemon.cpp" />
    <ClCompile Include="IniFile.cpp" />
    <ClCompile Include="PresenceFile.cpp" />
    <ClCompile Include="RpcMethods\TurnOnLights.cpp">
      <Filter>RpcMethods</Filter>
    </ClCompile>
    <ClCompile Include="Network\RpcServer.cpp">
      <Filter>Network</Filter>
    </ClCompile>
    <ClCompile Include="Network\TcpServer.cpp">
      <Filter>Network</Filter>
    </ClCompile>
    <ClCompile Include="Network\Win32\TcpServerWin32.cpp">
      <Filter>Network\Win32</Filter>
    </ClCompile>
  </ItemGroup>
  <ItemGroup>
    <ClInclude Include="Daemon.h" />
    <ClInclude Include="IniFile.h" />
    <ClInclude Include="PresenceFile.h" />
    <ClInclude Include="Network\RpcMethod.h">
      <Filter>Network</Filter>
    </ClInclude>
    <ClInclude Include="Network\RpcParamList.h">
      <Filter>Network</Filter>
    </ClInclude>
    <ClInclude Include="RpcMethods\TurnOnLights.h">
      <Filter>RpcMethods</Filter>
    </ClInclude>
    <ClInclude Include="Network\RpcServer.h">
      <Filter>Network</Filter>
    </ClInclude>
    <ClInclude Include="Network\TcpServer.h">
      <Filter>Network</Filter>
    </ClInclude>
  </ItemGroup>
  <ItemGroup>
    <Filter Include="Network">
      <UniqueIdentifier>{e17b801a-767d-4060-b084-ceadac0ec288}</UniqueIdentifier>
    </Filter>
    <Filter Include="RpcMethods">
      <UniqueIdentifier>{e8572766-554c-40c0-86b7-a076d04b88c9}</UniqueIdentifier>
    </Filter>
    <Filter Include="Network\Win32">
      <UniqueIdentifier>{809ca629-ba89-425c-9985-b9fe246505b0}</UniqueIdentifier>
    </Filter>
  </ItemGroup>
</Project>