<?xml version="1.0" encoding="utf-8"?>
<Project ToolsVersion="4.0" xmlns="http://schemas.microsoft.com/developer/msbuild/2003">
  <ItemGroup>
    <Filter Include="cli">
      <UniqueIdentifier>{f4018581-e4bd-42b4-b91e-3ef0821c9f16}</UniqueIdentifier>
    </Filter>
    <Filter Include="json">
      <UniqueIdentifier>{778de055-ff58-447f-873f-6796bd4cc43c}</UniqueIdentifier>
    </Filter>
    <Filter Include="curl">
      <UniqueIdentifier>{ae458334-9c45-4fa0-aff4-ea0774f38ac7}</UniqueIdentifier>
    </Filter>
    <Filter Include="hue">
      <UniqueIdentifier>{cb1e411b-60e0-49e3-af64-e1d3ce3d421c}</UniqueIdentifier>
    </Filter>
    <Filter Include="hue\ObjectModel">
      <UniqueIdentifier>{4f05046c-56ad-491f-9440-395338b12a6f}</UniqueIdentifier>
    </Filter>
    <Filter Include="json\include">
      <UniqueIdentifier>{a1006afe-a3d4-4594-8e4b-40560bd108f1}</UniqueIdentifier>
    </Filter>
    <Filter Include="json\include\json">
      <UniqueIdentifier>{a0e3653e-e232-4eee-b969-4a300f41b4fc}</UniqueIdentifier>
    </Filter>
    <Filter Include="curl\include">
      <UniqueIdentifier>{a34f6c4c-3878-4e8b-92ba-64dd715f9c4a}</UniqueIdentifier>
    </Filter>
    <Filter Include="curl\include\curl">
      <UniqueIdentifier>{8eab4764-51d7-4a65-acb8-b09f4dec809a}</UniqueIdentifier>
    </Filter>
    <Filter Include="curl\lib">
      <UniqueIdentifier>{a1746a31-2b43-4194-978a-2320790357f8}</UniqueIdentifier>
    </Filter>
  </ItemGroup>
  <ItemGroup>
    <ClCompile Include="cli_hue\main.cpp">
      <Filter>cli</Filter>
    </ClCompile>
    <ClCompile Include="lib_hue\ObjectModel\HueSystemInformation.cpp">
      <Filter>hue\ObjectModel</Filter>
    </ClCompile>
    <ClCompile Include="lib_hue\HttpClient.cpp">
      <Filter>hue</Filter>
    </ClCompile>
    <ClCompile Include="lib_hue\HueBridge.cpp">
      <Filter>hue</Filter>
    </ClCompile>
    <ClCompile Include="lib_hue\HueBridgeLocator.cpp">
      <Filter>hue</Filter>
    </ClCompile>
    <ClCompile Include="lib_hue\Settings.cpp">
      <Filter>hue</Filter>
    </ClCompile>
    <ClCompile Include="lib_hue\UrlProvider.cpp">
      <Filter>hue</Filter>
    </ClCompile>
    <ClCompile Include="JsonCpp\src\lib_json\json_reader.cpp">
      <Filter>json</Filter>
    </ClCompile>
    <ClCompile Include="JsonCpp\src\lib_json\json_value.cpp">
      <Filter>json</Filter>
    </ClCompile>
    <ClCompile Include="JsonCpp\src\lib_json\json_writer.cpp">
      <Filter>json</Filter>
    </ClCompile>
  </ItemGroup>
  <ItemGroup>
    <ClInclude Include="cli_hue\HueRules.h">
      <Filter>cli</Filter>
    </ClInclude>
    <ClInclude Include="lib_hue\ObjectModel\HueBridgeInfo.h">
      <Filter>hue\ObjectModel</Filter>
    </ClInclude>
    <ClInclude Include="lib_hue\ObjectModel\HueConfigInformation.h">
      <Filter>hue\ObjectModel</Filter>
    </ClInclude>
    <ClInclude Include="lib_hue\ObjectModel\HueError.h">
      <Filter>hue\ObjectModel</Filter>
    </ClInclude>
    <ClInclude Include="lib_hue\ObjectModel\HueGroupActionInfo.h">
      <Filter>hue\ObjectModel</Filter>
    </ClInclude>
    <ClInclude Include="lib_hue\ObjectModel\HueGroupInformation.h">
      <Filter>hue\ObjectModel</Filter>
    </ClInclude>
    <ClInclude Include="lib_hue\ObjectModel\HueLightInformation.h">
      <Filter>hue\ObjectModel</Filter>
    </ClInclude>
    <ClInclude Include="lib_hue\ObjectModel\HueLightState.h">
      <Filter>hue\ObjectModel</Filter>
    </ClInclude>
    <ClInclude Include="lib_hue\ObjectModel\HueRegistration.h">
      <Filter>hue\ObjectModel</Filter>
    </ClInclude>
    <ClInclude Include="lib_hue\ObjectModel\HueResponse.h">
      <Filter>hue\ObjectModel</Filter>
    </ClInclude>
    <ClInclude Include="lib_hue\ObjectModel\HueRuleAction.h">
      <Filter>hue\ObjectModel</Filter>
    </ClInclude>
    <ClInclude Include="lib_hue\ObjectModel\HueRuleActionBody.h">
      <Filter>hue\ObjectModel</Filter>
    </ClInclude>
    <ClInclude Include="lib_hue\ObjectModel\HueRuleInformation.h">
      <Filter>hue\ObjectModel</Filter>
    </ClInclude>
    <ClInclude Include="lib_hue\ObjectModel\HueSceneInformation.h">
      <Filter>hue\ObjectModel</Filter>
    </ClInclude>
    <ClInclude Include="lib_hue\ObjectModel\HueSensorConfigInfo.h">
      <Filter>hue\ObjectModel</Filter>
    </ClInclude>
    <ClInclude Include="lib_hue\ObjectModel\HueSensorInformation.h">
      <Filter>hue\ObjectModel</Filter>
    </ClInclude>
    <ClInclude Include="lib_hue\ObjectModel\HueSensorStateInfo.h">
      <Filter>hue\ObjectModel</Filter>
    </ClInclude>
    <ClInclude Include="lib_hue\ObjectModel\HueSystemInformation.h">
      <Filter>hue\ObjectModel</Filter>
    </ClInclude>
    <ClInclude Include="lib_hue\ObjectModel\HueUserInfo.h">
      <Filter>hue\ObjectModel</Filter>
    </ClInclude>
    <ClInclude Include="lib_hue\Callbacks.h">
      <Filter>hue</Filter>
    </ClInclude>
    <ClInclude Include="lib_hue\HttpClient.h">
      <Filter>hue</Filter>
    </ClInclude>
    <ClInclude Include="lib_hue\HueBridge.h">
      <Filter>hue</Filter>
    </ClInclude>
    <ClInclude Include="lib_hue\HueBridgeLocator.h">
      <Filter>hue</Filter>
    </ClInclude>
    <ClInclude Include="lib_hue\Settings.h">
      <Filter>hue</Filter>
    </ClInclude>
    <ClInclude Include="lib_hue\UrlProvider.h">
      <Filter>hue</Filter>
    </ClInclude>
    <ClInclude Include="JsonCpp\include\json\config.h">
      <Filter>json\include\json</Filter>
    </ClInclude>
    <ClInclude Include="JsonCpp\include\json\features.h">
      <Filter>json\include\json</Filter>
    </ClInclude>
    <ClInclude Include="JsonCpp\include\json\forwards.h">
      <Filter>json\include\json</Filter>
    </ClInclude>
    <ClInclude Include="JsonCpp\include\json\allocator.h">
      <Filter>json\include\json</Filter>
    </ClInclude>
    <ClInclude Include="JsonCpp\include\json\assertions.h">
      <Filter>json\include\json</Filter>
    </ClInclude>
    <ClInclude Include="JsonCpp\include\json\autolink.h">
      <Filter>json\include\json</Filter>
    </ClInclude>
    <ClInclude Include="JsonCpp\include\json\json.h">
      <Filter>json\include\json</Filter>
    </ClInclude>
    <ClInclude Include="JsonCpp\include\json\version.h">
      <Filter>json\include\json</Filter>
    </ClInclude>
    <ClInclude Include="JsonCpp\include\json\writer.h">
      <Filter>json\include\json</Filter>
    </ClInclude>
    <ClInclude Include="JsonCpp\include\json\reader.h">
      <Filter>json\include\json</Filter>
    </ClInclude>
    <ClInclude Include="JsonCpp\include\json\value.h">
      <Filter>json\include\json</Filter>
    </ClInclude>
    <ClInclude Include="JsonCpp\src\lib_json\json_tool.h">
      <Filter>json</Filter>
    </ClInclude>
    <ClInclude Include="libcurl_src\include\curl\curlbuild.h">
      <Filter>curl\include\curl</Filter>
    </ClInclude>
    <ClInclude Include="libcurl_src\include\curl\curlrules.h">
      <Filter>curl\include\curl</Filter>
    </ClInclude>
    <ClInclude Include="libcurl_src\include\curl\curlver.h">
      <Filter>curl\include\curl</Filter>
    </ClInclude>
    <ClInclude Include="libcurl_src\include\curl\easy.h">
      <Filter>curl\include\curl</Filter>
    </ClInclude>
    <ClInclude Include="libcurl_src\include\curl\mprintf.h">
      <Filter>curl\include\curl</Filter>
    </ClInclude>
    <ClInclude Include="libcurl_src\include\curl\multi.h">
      <Filter>curl\include\curl</Filter>
    </ClInclude>
    <ClInclude Include="libcurl_src\include\curl\stdcheaders.h">
      <Filter>curl\include\curl</Filter>
    </ClInclude>
    <ClInclude Include="libcurl_src\include\curl\typecheck-gcc.h">
      <Filter>curl\include\curl</Filter>
    </ClInclude>
    <ClInclude Include="libcurl_src\include\curl\curl.h">
      <Filter>curl\include\curl</Filter>
    </ClInclude>
  </ItemGroup>
  <ItemGroup>
    <None Include="JsonCpp\src\lib_json\json_valueiterator.inl">
      <Filter>json</Filter>
    </None>
  </ItemGroup>
</Project>