<?xml version="1.0" encoding="utf-8"?>
<Project ToolsVersion="4.0" xmlns="http://schemas.microsoft.com/developer/msbuild/2003">
  <ItemGroup>
    <Filter Include="include">
      <UniqueIdentifier>{e218c808-d07e-45f4-bdab-7d04b6ab008f}</UniqueIdentifier>
    </Filter>
    <Filter Include="include\curl">
      <UniqueIdentifier>{97076fcc-c149-4591-bef4-d6ca85a38df0}</UniqueIdentifier>
    </Filter>
    <Filter Include="lib">
      <UniqueIdentifier>{e78c227d-3939-48fc-aad8-2a2b9ed33e92}</UniqueIdentifier>
    </Filter>
    <Filter Include="lib\ARM">
      <UniqueIdentifier>{ce17dec0-f43a-4fb5-b795-96a9e39a4864}</UniqueIdentifier>
    </Filter>
  </ItemGroup>
  <ItemGroup>
    <ClInclude Include="include\curl\curlbuild.h">
      <Filter>include\curl</Filter>
    </ClInclude>
    <ClInclude Include="include\curl\curlrules.h">
      <Filter>include\curl</Filter>
    </ClInclude>
    <ClInclude Include="include\curl\curlver.h">
      <Filter>include\curl</Filter>
    </ClInclude>
    <ClInclude Include="include\curl\easy.h">
      <Filter>include\curl</Filter>
    </ClInclude>
    <ClInclude Include="include\curl\mprintf.h">
      <Filter>include\curl</Filter>
    </ClInclude>
    <ClInclude Include="include\curl\multi.h">
      <Filter>include\curl</Filter>
    </ClInclude>
    <ClInclude Include="include\curl\stdcheaders.h">
      <Filter>include\curl</Filter>
    </ClInclude>
    <ClInclude Include="include\curl\typecheck-gcc.h">
      <Filter>include\curl</Filter>
    </ClInclude>
    <ClInclude Include="include\curl\curl.h">
      <Filter>include\curl</Filter>
    </ClInclude>
  </ItemGroup>
  <ItemGroup>
    <ClCompile Include="libcurl.cpp" />
  </ItemGroup>
  <ItemGroup>
    <Resource Include="lib\ARM\libcurl.a" />
  </ItemGroup>
</Project>