<?xml version="1.0" encoding="utf-8"?>
<Project ToolsVersion="4.0" xmlns="http://schemas.microsoft.com/developer/msbuild/2003">
  <ItemGroup>
    <Filter Include="Header Files">
      <UniqueIdentifier>{9e8eee58-577d-4625-b563-c9c6798691d1}</UniqueIdentifier>
    </Filter>
    <Filter Include="Source Files">
      <UniqueIdentifier>{7d5db3af-0978-4497-97f0-ca0a1c0b738f}</UniqueIdentifier>
    </Filter>
  </ItemGroup>
  <ItemGroup>
    <ClInclude Include="include\xmlrpc-c\base.h">
      <Filter>Header Files</Filter>
    </ClInclude>
    <ClInclude Include="include\xmlrpc-c\base_int.h">
      <Filter>Header Files</Filter>
    </ClInclude>
    <ClInclude Include="include\xmlrpc-c\config.h">
      <Filter>Header Files</Filter>
    </ClInclude>
    <ClInclude Include="include\xmlrpc-c\c_util.h">
      <Filter>Header Files</Filter>
    </ClInclude>
    <ClInclude Include="include\xmlrpc-c\string_int.h">
      <Filter>Header Files</Filter>
    </ClInclude>
    <ClInclude Include="include\xmlrpc-c\util.h">
      <Filter>Header Files</Filter>
    </ClInclude>
    <ClInclude Include="src\double.h">
      <Filter>Header Files</Filter>
    </ClInclude>
    <ClInclude Include="src\parse_datetime.h">
      <Filter>Header Files</Filter>
    </ClInclude>
    <ClInclude Include="src\parse_value.h">
      <Filter>Header Files</Filter>
    </ClInclude>
    <ClInclude Include="src\registry.h">
      <Filter>Header Files</Filter>
    </ClInclude>
    <ClInclude Include="src\system_method.h">
      <Filter>Header Files</Filter>
    </ClInclude>
  </ItemGroup>
  <ItemGroup>
    <ClCompile Include="src\double.c">
      <Filter>Source Files</Filter>
    </ClCompile>
    <ClCompile Include="src\parse_datetime.c">
      <Filter>Source Files</Filter>
    </ClCompile>
    <ClCompile Include="src\parse_value.c">
      <Filter>Source Files</Filter>
    </ClCompile>
    <ClCompile Include="src\resource.c">
      <Filter>Source Files</Filter>
    </ClCompile>
    <ClCompile Include="src\trace.c">
      <Filter>Source Files</Filter>
    </ClCompile>
    <ClCompile Include="src\version.c">
      <Filter>Source Files</Filter>
    </ClCompile>
    <ClCompile Include="src\xmlrpc_array.c">
      <Filter>Source Files</Filter>
    </ClCompile>
    <ClCompile Include="src\xmlrpc_build.c">
      <Filter>Source Files</Filter>
    </ClCompile>
    <ClCompile Include="src\xmlrpc_data.c">
      <Filter>Source Files</Filter>
    </ClCompile>
    <ClCompile Include="src\xmlrpc_datetime.c">
      <Filter>Source Files</Filter>
    </ClCompile>
    <ClCompile Include="src\xmlrpc_decompose.c">
      <Filter>Source Files</Filter>
    </ClCompile>
    <ClCompile Include="src\xmlrpc_expat.c">
      <Filter>Source Files</Filter>
    </ClCompile>
    <ClCompile Include="src\xmlrpc_parse.c">
      <Filter>Source Files</Filter>
    </ClCompile>
    <ClCompile Include="src\xmlrpc_serialize.c">
      <Filter>Source Files</Filter>
    </ClCompile>
    <ClCompile Include="src\xmlrpc_string.c">
      <Filter>Source Files</Filter>
    </ClCompile>
    <ClCompile Include="src\xmlrpc_struct.c">
      <Filter>Source Files</Filter>
    </ClCompile>
  </ItemGroup>
</Project>