<?xml version="1.0" encoding="UTF-8" standalone="yes" ?>
<CodeBlocks_project_file>
	<FileVersion major="1" minor="6" />
	<Project>
		<Option title="lib_hue" />
		<Option pch_mode="2" />
		<Option compiler="gcc" />
		<Build>
			<Target title="Debug">
				<Option output="lib_hue" prefix_auto="1" extension_auto="1" />
				<Option working_dir="" />
				<Option object_output="obj/Debug/" />
				<Option type="2" />
				<Option compiler="gcc" />
				<Option createDefFile="1" />
				<Compiler>
					<Add option="-std=c++0x" />
					<Add option="-Wall" />
					<Add option="-g" />
					<Add option="-DLINUX" />
					<Add directory="../JsonCpp/include" />
					<Add directory="../libcurl_src/include" />
					<Add directory="../lib_hue/" />
				</Compiler>
			</Target>
			<Target title="Release">
				<Option output="lib_hue" prefix_auto="1" extension_auto="1" />
				<Option working_dir="" />
				<Option object_output="obj/Release/" />
				<Option type="2" />
				<Option compiler="gcc" />
				<Option createDefFile="1" />
				<Compiler>
					<Add option="-O2" />
					<Add option="-std=c++0x" />
					<Add option="-Wall" />
					<Add directory="../JsonCpp/include" />
					<Add directory="../libcurl_src/include" />
					<Add directory="../lib_hue/" />
				</Compiler>
				<Linker>
					<Add option="-s" />
				</Linker>
			</Target>
		</Build>
		<Compiler>
			<Add option="-std=c++0x" />
			<Add option="-DLINuX" />
			<Add directory="../JsonCpp/include" />
			<Add directory="../libcurl_src/include" />
			<Add directory="../lib_hue/" />
		</Compiler>
		<Unit filename="Callbacks.h" />
		<Unit filename="HttpClient.cpp" />
		<Unit filename="HttpClient.h" />
		<Unit filename="HueBridge.cpp" />
		<Unit filename="HueBridge.h" />
		<Unit filename="HueBridgeLocator.cpp" />
		<Unit filename="HueBridgeLocator.h" />
		<Unit filename="ObjectModel/HueBridgeInfo.h" />
		<Unit filename="ObjectModel/HueConfigInformation.h" />
		<Unit filename="ObjectModel/HueError.h" />
		<Unit filename="ObjectModel/HueGroupActionInfo.h" />
		<Unit filename="ObjectModel/HueGroupInformation.h" />
		<Unit filename="ObjectModel/HueLightInformation.h" />
		<Unit filename="ObjectModel/HueLightState.h" />
		<Unit filename="ObjectModel/HueRegistration.h" />
		<Unit filename="ObjectModel/HueResponse.h" />
		<Unit filename="ObjectModel/HueRuleAction.h" />
		<Unit filename="ObjectModel/HueRuleActionBody.h" />
		<Unit filename="ObjectModel/HueRuleInformation.h" />
		<Unit filename="ObjectModel/HueSceneInformation.h" />
		<Unit filename="ObjectModel/HueSensorConfigInfo.h" />
		<Unit filename="ObjectModel/HueSensorInformation.h" />
		<Unit filename="ObjectModel/HueSensorStateInfo.h" />
		<Unit filename="ObjectModel/HueSystemInformation.cpp" />
		<Unit filename="ObjectModel/HueSystemInformation.h" />
		<Unit filename="ObjectModel/HueUserInfo.h" />
		<Unit filename="Settings.cpp" />
		<Unit filename="Settings.h" />
		<Unit filename="UrlProvider.cpp" />
		<Unit filename="UrlProvider.h" />
		<Extensions>
			<code_completion />
			<debugger />
		</Extensions>
	</Project>
</CodeBlocks_project_file>
