<?xml version="1.0" encoding="utf-8"?>
<Project ToolsVersion="4.0" xmlns="http://schemas.microsoft.com/developer/msbuild/2003">
  <ItemGroup>
    <Filter Include="ObjectModel">
      <UniqueIdentifier>{473400bf-3b33-4a7e-a636-8ae45694ea44}</UniqueIdentifier>
    </Filter>
  </ItemGroup>
  <ItemGroup>
    <ClCompile Include="ObjectModel\HueSystemInformation.cpp">
      <Filter>ObjectModel</Filter>
    </ClCompile>
  </ItemGroup>
  <ItemGroup>
    <ClInclude Include="ObjectModel\HueBridgeInfo.h">
      <Filter>ObjectModel</Filter>
    </ClInclude>
    <ClInclude Include="ObjectModel\HueConfigInformation.h">
      <Filter>ObjectModel</Filter>
    </ClInclude>
    <ClInclude Include="ObjectModel\HueError.h">
      <Filter>ObjectModel</Filter>
    </ClInclude>
    <ClInclude Include="ObjectModel\HueGroupActionInfo.h">
      <Filter>ObjectModel</Filter>
    </ClInclude>
    <ClInclude Include="ObjectModel\HueGroupInformation.h">
      <Filter>ObjectModel</Filter>
    </ClInclude>
    <ClInclude Include="ObjectModel\HueLightInformation.h">
      <Filter>ObjectModel</Filter>
    </ClInclude>
    <ClInclude Include="ObjectModel\HueLightState.h">
      <Filter>ObjectModel</Filter>
    </ClInclude>
    <ClInclude Include="ObjectModel\HueRegistration.h">
      <Filter>ObjectModel</Filter>
    </ClInclude>
    <ClInclude Include="ObjectModel\HueResponse.h">
      <Filter>ObjectModel</Filter>
    </ClInclude>
    <ClInclude Include="ObjectModel\HueRuleAction.h">
      <Filter>ObjectModel</Filter>
    </ClInclude>
    <ClInclude Include="ObjectModel\HueRuleActionBody.h">
      <Filter>ObjectModel</Filter>
    </ClInclude>
    <ClInclude Include="ObjectModel\HueRuleInformation.h">
      <Filter>ObjectModel</Filter>
    </ClInclude>
    <ClInclude Include="ObjectModel\HueSceneInformation.h">
      <Filter>ObjectModel</Filter>
    </ClInclude>
    <ClInclude Include="ObjectModel\HueSensorConfigInfo.h">
      <Filter>ObjectModel</Filter>
    </ClInclude>
    <ClInclude Include="ObjectModel\HueSensorInformation.h">
      <Filter>ObjectModel</Filter>
    </ClInclude>
    <ClInclude Include="ObjectModel\HueSensorStateInfo.h">
      <Filter>ObjectModel</Filter>
    </ClInclude>
    <ClInclude Include="ObjectModel\HueSystemInformation.h">
      <Filter>ObjectModel</Filter>
    </ClInclude>
    <ClInclude Include="ObjectModel\HueUserInfo.h">
      <Filter>ObjectModel</Filter>
    </ClInclude>
  </ItemGroup>
</Project>